
Microsoft Visual Studio Solution File, Format Version 12.00
# Visual Studio Version 17
VisualStudioVersion = 17.4.33205.214
MinimumVisualStudioVersion = 10.0.40219.1
Project("{FAE04EC0-301F-11D3-BF4B-00C04F79EFBC}") = "TicTacTieVer2", "TicTacTieVipProMax\TicTacTieVer2.csproj", "{472F28AC-48EE-4BE2-9403-1229B8709DA8}"
EndProject
Project("{54435603-DBB4-11D2-8724-00A0C9A8B90C}") = "setup", "setup\setup.vdproj", "{9F33BF16-9548-4344-AED9-7791CFE07C94}"
EndProject
Global
	GlobalSection(SolutionConfigurationPlatforms) = preSolution
		Debug|Any CPU = Debug|Any CPU
		Release|Any CPU = Release|Any CPU
	EndGlobalSection
	GlobalSection(ProjectConfigurationPlatforms) = postSolution
		{472F28AC-48EE-4BE2-9403-1229B8709DA8}.Debug|Any CPU.ActiveCfg = Debug|Any CPU
		{472F28AC-48EE-4BE2-9403-1229B8709DA8}.Debug|Any CPU.Build.0 = Debug|Any CPU
		{472F28AC-48EE-4BE2-9403-1229B8709DA8}.Release|Any CPU.ActiveCfg = Release|Any CPU
		{472F28AC-48EE-4BE2-9403-1229B8709DA8}.Release|Any CPU.Build.0 = Release|Any CPU
		{9F33BF16-9548-4344-AED9-7791CFE07C94}.Debug|Any CPU.ActiveCfg = Debug
		{9F33BF16-9548-4344-AED9-7791CFE07C94}.Release|Any CPU.ActiveCfg = Release
	EndGlobalSection
	GlobalSection(SolutionProperties) = preSolution
		HideSolutionNode = FALSE
	EndGlobalSection
	GlobalSection(ExtensibilityGlobals) = postSolution
		SolutionGuid = {0A3207AA-A9AF-488C-9C92-B1807282609F}
	EndGlobalSection
EndGlobal
